
Microsoft Visual Studio Solution File, Format Version 12.00
# Visual Studio Version 16
VisualStudioVersion = 16.0.34031.81
MinimumVisualStudioVersion = 10.0.40219.1
Project("{FAE04EC0-301F-11D3-BF4B-00C04F79EFBC}") = "Oceanarium", "Oceanarium.csproj", "{C57FDD70-2C86-44EE-8E24-6F9730DFECFC}"
EndProject
Global
	GlobalSection(SolutionConfigurationPlatforms) = preSolution
		Debug|Any CPU = Debug|Any CPU
		Release|Any CPU = Release|Any CPU
	EndGlobalSection
	GlobalSection(ProjectConfigurationPlatforms) = postSolution
		{C57FDD70-2C86-44EE-8E24-6F9730DFECFC}.Debug|Any CPU.ActiveCfg = Debug|Any CPU
		{C57FDD70-2C86-44EE-8E24-6F9730DFECFC}.Debug|Any CPU.Build.0 = Debug|Any CPU
		{C57FDD70-2C86-44EE-8E24-6F9730DFECFC}.Release|Any CPU.ActiveCfg = Release|Any CPU
		{C57FDD70-2C86-44EE-8E24-6F9730DFECFC}.Release|Any CPU.Build.0 = Release|Any CPU
	EndGlobalSection
	GlobalSection(SolutionProperties) = preSolution
		HideSolutionNode = FALSE
	EndGlobalSection
	GlobalSection(ExtensibilityGlobals) = postSolution
		SolutionGuid = {02FCFCF2-7970-4CAE-89E3-CC978890776B}
	EndGlobalSection
EndGlobal
